
Microsoft Visual Studio Solution File, Format Version 12.00
# Visual Studio Version 16
VisualStudioVersion = 16.0.29709.97
MinimumVisualStudioVersion = 10.0.40219.1
Project("{FAE04EC0-301F-11D3-BF4B-00C04F79EFBC}") = "EpamTest2", "EpamTest2\EpamTest2.csproj", "{0071C451-8F9A-421E-88AC-B2BECD3FD5F9}"
EndProject
Global
	GlobalSection(SolutionConfigurationPlatforms) = preSolution
		Debug|Any CPU = Debug|Any CPU
		Release|Any CPU = Release|Any CPU
	EndGlobalSection
	GlobalSection(ProjectConfigurationPlatforms) = postSolution
		{0071C451-8F9A-421E-88AC-B2BECD3FD5F9}.Debug|Any CPU.ActiveCfg = Debug|Any CPU
		{0071C451-8F9A-421E-88AC-B2BECD3FD5F9}.Debug|Any CPU.Build.0 = Debug|Any CPU
		{0071C451-8F9A-421E-88AC-B2BECD3FD5F9}.Release|Any CPU.ActiveCfg = Release|Any CPU
		{0071C451-8F9A-421E-88AC-B2BECD3FD5F9}.Release|Any CPU.Build.0 = Release|Any CPU
	EndGlobalSection
	GlobalSection(SolutionProperties) = preSolution
		HideSolutionNode = FALSE
	EndGlobalSection
	GlobalSection(ExtensibilityGlobals) = postSolution
		SolutionGuid = {322C8A8C-5711-434E-895A-49820B985863}
	EndGlobalSection
EndGlobal
